
Microsoft Visual Studio Solution File, Format Version 12.00
# Visual Studio 15
VisualStudioVersion = 15.0.28307.329
MinimumVisualStudioVersion = 10.0.40219.1
Project("{FAE04EC0-301F-11D3-BF4B-00C04F79EFBC}") = "ExtractDrivers", "ExtractDrivers\ExtractDrivers.csproj", "{019BD583-E3EC-4CC7-81A1-2035B3B8D0E2}"
EndProject
Project("{54435603-DBB4-11D2-8724-00A0C9A8B90C}") = "ExtractDriversSetup", "ExtractDriversSetup\ExtractDriversSetup.vdproj", "{F454C6F6-75F8-4AE0-88E6-C7BE718152D0}"
EndProject
Global
	GlobalSection(SolutionConfigurationPlatforms) = preSolution
		Debug|Any CPU = Debug|Any CPU
		Release|Any CPU = Release|Any CPU
	EndGlobalSection
	GlobalSection(ProjectConfigurationPlatforms) = postSolution
		{019BD583-E3EC-4CC7-81A1-2035B3B8D0E2}.Debug|Any CPU.ActiveCfg = Debug|Any CPU
		{019BD583-E3EC-4CC7-81A1-2035B3B8D0E2}.Debug|Any CPU.Build.0 = Debug|Any CPU
		{019BD583-E3EC-4CC7-81A1-2035B3B8D0E2}.Release|Any CPU.ActiveCfg = Release|Any CPU
		{019BD583-E3EC-4CC7-81A1-2035B3B8D0E2}.Release|Any CPU.Build.0 = Release|Any CPU
		{F454C6F6-75F8-4AE0-88E6-C7BE718152D0}.Debug|Any CPU.ActiveCfg = Debug
		{F454C6F6-75F8-4AE0-88E6-C7BE718152D0}.Debug|Any CPU.Build.0 = Debug
		{F454C6F6-75F8-4AE0-88E6-C7BE718152D0}.Release|Any CPU.ActiveCfg = Release
		{F454C6F6-75F8-4AE0-88E6-C7BE718152D0}.Release|Any CPU.Build.0 = Release
	EndGlobalSection
	GlobalSection(SolutionProperties) = preSolution
		HideSolutionNode = FALSE
	EndGlobalSection
	GlobalSection(ExtensibilityGlobals) = postSolution
		SolutionGuid = {64AC0D37-6FD5-4F66-ACDB-D6B516D8D6F2}
	EndGlobalSection
EndGlobal
